
Microsoft Visual Studio Solution File, Format Version 12.00
# Visual Studio Version 16
VisualStudioVersion = 16.6.30114.105
MinimumVisualStudioVersion = 10.0.40219.1
Project("{2150E333-8FDC-42A3-9474-1A3956D46DE8}") = "src", "src", "{750DB044-8560-4B78-9623-587E98DCE621}"
EndProject
Project("{FAE04EC0-301F-11D3-BF4B-00C04F79EFBC}") = "Domain", "src\Domain\Domain.csproj", "{FB8613CC-3F95-4E97-8ACD-3CE75A467DF0}"
EndProject
Project("{2150E333-8FDC-42A3-9474-1A3956D46DE8}") = "Infra", "Infra", "{87912390-B130-40E8-B568-ED10F09EED89}"
EndProject
Project("{FAE04EC0-301F-11D3-BF4B-00C04F79EFBC}") = "CrossCutting", "src\Infra\CrossCutting\CrossCutting.csproj", "{1BF4E0B6-A951-42C3-B24F-B6EF61B4AB15}"
EndProject
Project("{FAE04EC0-301F-11D3-BF4B-00C04F79EFBC}") = "Service", "src\Service\Service.csproj", "{8B42FD7E-24C5-4175-AEB4-2B0525020771}"
EndProject
Project("{2150E333-8FDC-42A3-9474-1A3956D46DE8}") = "tests", "tests", "{CD56BB3C-5DF0-43D8-B62A-8E848BE98AA8}"
EndProject
Project("{FAE04EC0-301F-11D3-BF4B-00C04F79EFBC}") = "UnitTests", "tests\UnitTests\UnitTests.csproj", "{E17363CD-F514-4975-B1CC-62619F28B293}"
EndProject
Project("{FAE04EC0-301F-11D3-BF4B-00C04F79EFBC}") = "IntegrationsTests", "tests\IntegrationsTests\IntegrationsTests.csproj", "{C61E08CE-3E94-47A7-9152-D08EE713C418}"
EndProject
Project("{FAE04EC0-301F-11D3-BF4B-00C04F79EFBC}") = "Application", "src\Application\Application.csproj", "{2263D446-4835-44B4-A1D5-6A2DAB519A01}"
EndProject
Global
	GlobalSection(SolutionConfigurationPlatforms) = preSolution
		Debug|Any CPU = Debug|Any CPU
		Debug|x64 = Debug|x64
		Debug|x86 = Debug|x86
		Release|Any CPU = Release|Any CPU
		Release|x64 = Release|x64
		Release|x86 = Release|x86
	EndGlobalSection
	GlobalSection(SolutionProperties) = preSolution
		HideSolutionNode = FALSE
	EndGlobalSection
	GlobalSection(ProjectConfigurationPlatforms) = postSolution
		{FB8613CC-3F95-4E97-8ACD-3CE75A467DF0}.Debug|Any CPU.ActiveCfg = Debug|Any CPU
		{FB8613CC-3F95-4E97-8ACD-3CE75A467DF0}.Debug|Any CPU.Build.0 = Debug|Any CPU
		{FB8613CC-3F95-4E97-8ACD-3CE75A467DF0}.Debug|x64.ActiveCfg = Debug|Any CPU
		{FB8613CC-3F95-4E97-8ACD-3CE75A467DF0}.Debug|x64.Build.0 = Debug|Any CPU
		{FB8613CC-3F95-4E97-8ACD-3CE75A467DF0}.Debug|x86.ActiveCfg = Debug|Any CPU
		{FB8613CC-3F95-4E97-8ACD-3CE75A467DF0}.Debug|x86.Build.0 = Debug|Any CPU
		{FB8613CC-3F95-4E97-8ACD-3CE75A467DF0}.Release|Any CPU.ActiveCfg = Release|Any CPU
		{FB8613CC-3F95-4E97-8ACD-3CE75A467DF0}.Release|Any CPU.Build.0 = Release|Any CPU
		{FB8613CC-3F95-4E97-8ACD-3CE75A467DF0}.Release|x64.ActiveCfg = Release|Any CPU
		{FB8613CC-3F95-4E97-8ACD-3CE75A467DF0}.Release|x64.Build.0 = Release|Any CPU
		{FB8613CC-3F95-4E97-8ACD-3CE75A467DF0}.Release|x86.ActiveCfg = Release|Any CPU
		{FB8613CC-3F95-4E97-8ACD-3CE75A467DF0}.Release|x86.Build.0 = Release|Any CPU		
		{1BF4E0B6-A951-42C3-B24F-B6EF61B4AB15}.Debug|Any CPU.ActiveCfg = Debug|Any CPU
		{1BF4E0B6-A951-42C3-B24F-B6EF61B4AB15}.Debug|Any CPU.Build.0 = Debug|Any CPU
		{1BF4E0B6-A951-42C3-B24F-B6EF61B4AB15}.Debug|x64.ActiveCfg = Debug|Any CPU
		{1BF4E0B6-A951-42C3-B24F-B6EF61B4AB15}.Debug|x64.Build.0 = Debug|Any CPU
		{1BF4E0B6-A951-42C3-B24F-B6EF61B4AB15}.Debug|x86.ActiveCfg = Debug|Any CPU
		{1BF4E0B6-A951-42C3-B24F-B6EF61B4AB15}.Debug|x86.Build.0 = Debug|Any CPU
		{1BF4E0B6-A951-42C3-B24F-B6EF61B4AB15}.Release|Any CPU.ActiveCfg = Release|Any CPU
		{1BF4E0B6-A951-42C3-B24F-B6EF61B4AB15}.Release|Any CPU.Build.0 = Release|Any CPU
		{1BF4E0B6-A951-42C3-B24F-B6EF61B4AB15}.Release|x64.ActiveCfg = Release|Any CPU
		{1BF4E0B6-A951-42C3-B24F-B6EF61B4AB15}.Release|x64.Build.0 = Release|Any CPU
		{1BF4E0B6-A951-42C3-B24F-B6EF61B4AB15}.Release|x86.ActiveCfg = Release|Any CPU
		{1BF4E0B6-A951-42C3-B24F-B6EF61B4AB15}.Release|x86.Build.0 = Release|Any CPU
		{8B42FD7E-24C5-4175-AEB4-2B0525020771}.Debug|Any CPU.ActiveCfg = Debug|Any CPU
		{8B42FD7E-24C5-4175-AEB4-2B0525020771}.Debug|Any CPU.Build.0 = Debug|Any CPU
		{8B42FD7E-24C5-4175-AEB4-2B0525020771}.Debug|x64.ActiveCfg = Debug|Any CPU
		{8B42FD7E-24C5-4175-AEB4-2B0525020771}.Debug|x64.Build.0 = Debug|Any CPU
		{8B42FD7E-24C5-4175-AEB4-2B0525020771}.Debug|x86.ActiveCfg = Debug|Any CPU
		{8B42FD7E-24C5-4175-AEB4-2B0525020771}.Debug|x86.Build.0 = Debug|Any CPU
		{8B42FD7E-24C5-4175-AEB4-2B0525020771}.Release|Any CPU.ActiveCfg = Release|Any CPU
		{8B42FD7E-24C5-4175-AEB4-2B0525020771}.Release|Any CPU.Build.0 = Release|Any CPU
		{8B42FD7E-24C5-4175-AEB4-2B0525020771}.Release|x64.ActiveCfg = Release|Any CPU
		{8B42FD7E-24C5-4175-AEB4-2B0525020771}.Release|x64.Build.0 = Release|Any CPU
		{8B42FD7E-24C5-4175-AEB4-2B0525020771}.Release|x86.ActiveCfg = Release|Any CPU
		{8B42FD7E-24C5-4175-AEB4-2B0525020771}.Release|x86.Build.0 = Release|Any CPU
		{E17363CD-F514-4975-B1CC-62619F28B293}.Debug|Any CPU.ActiveCfg = Debug|Any CPU
		{E17363CD-F514-4975-B1CC-62619F28B293}.Debug|Any CPU.Build.0 = Debug|Any CPU
		{E17363CD-F514-4975-B1CC-62619F28B293}.Debug|x64.ActiveCfg = Debug|Any CPU
		{E17363CD-F514-4975-B1CC-62619F28B293}.Debug|x64.Build.0 = Debug|Any CPU
		{E17363CD-F514-4975-B1CC-62619F28B293}.Debug|x86.ActiveCfg = Debug|Any CPU
		{E17363CD-F514-4975-B1CC-62619F28B293}.Debug|x86.Build.0 = Debug|Any CPU
		{E17363CD-F514-4975-B1CC-62619F28B293}.Release|Any CPU.ActiveCfg = Release|Any CPU
		{E17363CD-F514-4975-B1CC-62619F28B293}.Release|Any CPU.Build.0 = Release|Any CPU
		{E17363CD-F514-4975-B1CC-62619F28B293}.Release|x64.ActiveCfg = Release|Any CPU
		{E17363CD-F514-4975-B1CC-62619F28B293}.Release|x64.Build.0 = Release|Any CPU
		{E17363CD-F514-4975-B1CC-62619F28B293}.Release|x86.ActiveCfg = Release|Any CPU
		{E17363CD-F514-4975-B1CC-62619F28B293}.Release|x86.Build.0 = Release|Any CPU
		{C61E08CE-3E94-47A7-9152-D08EE713C418}.Debug|Any CPU.ActiveCfg = Debug|Any CPU
		{C61E08CE-3E94-47A7-9152-D08EE713C418}.Debug|Any CPU.Build.0 = Debug|Any CPU
		{C61E08CE-3E94-47A7-9152-D08EE713C418}.Debug|x64.ActiveCfg = Debug|Any CPU
		{C61E08CE-3E94-47A7-9152-D08EE713C418}.Debug|x64.Build.0 = Debug|Any CPU
		{C61E08CE-3E94-47A7-9152-D08EE713C418}.Debug|x86.ActiveCfg = Debug|Any CPU
		{C61E08CE-3E94-47A7-9152-D08EE713C418}.Debug|x86.Build.0 = Debug|Any CPU
		{C61E08CE-3E94-47A7-9152-D08EE713C418}.Release|Any CPU.ActiveCfg = Release|Any CPU
		{C61E08CE-3E94-47A7-9152-D08EE713C418}.Release|Any CPU.Build.0 = Release|Any CPU
		{C61E08CE-3E94-47A7-9152-D08EE713C418}.Release|x64.ActiveCfg = Release|Any CPU
		{C61E08CE-3E94-47A7-9152-D08EE713C418}.Release|x64.Build.0 = Release|Any CPU
		{C61E08CE-3E94-47A7-9152-D08EE713C418}.Release|x86.ActiveCfg = Release|Any CPU
		{C61E08CE-3E94-47A7-9152-D08EE713C418}.Release|x86.Build.0 = Release|Any CPU
		{2263D446-4835-44B4-A1D5-6A2DAB519A01}.Debug|Any CPU.ActiveCfg = Debug|Any CPU
		{2263D446-4835-44B4-A1D5-6A2DAB519A01}.Debug|Any CPU.Build.0 = Debug|Any CPU
		{2263D446-4835-44B4-A1D5-6A2DAB519A01}.Debug|x64.ActiveCfg = Debug|Any CPU
		{2263D446-4835-44B4-A1D5-6A2DAB519A01}.Debug|x64.Build.0 = Debug|Any CPU
		{2263D446-4835-44B4-A1D5-6A2DAB519A01}.Debug|x86.ActiveCfg = Debug|Any CPU
		{2263D446-4835-44B4-A1D5-6A2DAB519A01}.Debug|x86.Build.0 = Debug|Any CPU
		{2263D446-4835-44B4-A1D5-6A2DAB519A01}.Release|Any CPU.ActiveCfg = Release|Any CPU
		{2263D446-4835-44B4-A1D5-6A2DAB519A01}.Release|Any CPU.Build.0 = Release|Any CPU
		{2263D446-4835-44B4-A1D5-6A2DAB519A01}.Release|x64.ActiveCfg = Release|Any CPU
		{2263D446-4835-44B4-A1D5-6A2DAB519A01}.Release|x64.Build.0 = Release|Any CPU
		{2263D446-4835-44B4-A1D5-6A2DAB519A01}.Release|x86.ActiveCfg = Release|Any CPU
		{2263D446-4835-44B4-A1D5-6A2DAB519A01}.Release|x86.Build.0 = Release|Any CPU
	EndGlobalSection
	GlobalSection(NestedProjects) = preSolution
		{FB8613CC-3F95-4E97-8ACD-3CE75A467DF0} = {750DB044-8560-4B78-9623-587E98DCE621}
		{87912390-B130-40E8-B568-ED10F09EED89} = {750DB044-8560-4B78-9623-587E98DCE621}		
		{1BF4E0B6-A951-42C3-B24F-B6EF61B4AB15} = {87912390-B130-40E8-B568-ED10F09EED89}
		{8B42FD7E-24C5-4175-AEB4-2B0525020771} = {750DB044-8560-4B78-9623-587E98DCE621}
		{E17363CD-F514-4975-B1CC-62619F28B293} = {CD56BB3C-5DF0-43D8-B62A-8E848BE98AA8}
		{C61E08CE-3E94-47A7-9152-D08EE713C418} = {CD56BB3C-5DF0-43D8-B62A-8E848BE98AA8}
		{2263D446-4835-44B4-A1D5-6A2DAB519A01} = {750DB044-8560-4B78-9623-587E98DCE621}
	EndGlobalSection
EndGlobal
